
Microsoft Visual Studio Solution File, Format Version 12.00
# Visual Studio Version 17
VisualStudioVersion = 17.0.31919.166
MinimumVisualStudioVersion = 10.0.40219.1
Project("{9A19103F-16F7-4668-BE54-9A1E7A4F7556}") = "LeetCode", "LeetCode\LeetCode.csproj", "{FC902F81-F87D-4E06-BDDC-99471214A7EC}"
EndProject
Global
	GlobalSection(SolutionConfigurationPlatforms) = preSolution
		Debug|Any CPU = Debug|Any CPU
		Release|Any CPU = Release|Any CPU
	EndGlobalSection
	GlobalSection(ProjectConfigurationPlatforms) = postSolution
		{FC902F81-F87D-4E06-BDDC-99471214A7EC}.Debug|Any CPU.ActiveCfg = Debug|Any CPU
		{FC902F81-F87D-4E06-BDDC-99471214A7EC}.Debug|Any CPU.Build.0 = Debug|Any CPU
		{FC902F81-F87D-4E06-BDDC-99471214A7EC}.Release|Any CPU.ActiveCfg = Release|Any CPU
		{FC902F81-F87D-4E06-BDDC-99471214A7EC}.Release|Any CPU.Build.0 = Release|Any CPU
	EndGlobalSection
	GlobalSection(SolutionProperties) = preSolution
		HideSolutionNode = FALSE
	EndGlobalSection
	GlobalSection(ExtensibilityGlobals) = postSolution
		SolutionGuid = {8911796B-5B8E-4C76-A577-AB1832F1FD91}
	EndGlobalSection
EndGlobal
